{
  "requires": true,
  "lockfileVersion": 1,
  "dependencies": {
    "jquery-migrate": {
      "version": "3.0.1",
      "resolved": "https://registry.npmjs.org/jquery-migrate/-/jquery-migrate-3.0.1.tgz",
      "integrity": "sha512-NYlhcFnRh4Bv9jvadPlcAKQdVGRE0+TSgFYxQ+ZnCxUUHbwd+SjbOg+Xvu1Oea9mpQJ+2VB1eCfcBORWNQsHaA=="
    }
  }
}
